Microsoft Visual Studio Solution File, Format Version 12.00
# Visual Studio Version 17
VisualStudioVersion = 17.5.2.0
MinimumVisualStudioVersion = 10.0.40219.1
Project("{FAE04EC0-301F-11D3-BF4B-00C04F79EFBC}") = "NextDepartures.Database", "NextDepartures.Database\NextDepartures.Database.csproj", "{98CB3EBE-4AE2-6810-2099-9742F0059051}"
EndProject
Project("{FAE04EC0-301F-11D3-BF4B-00C04F79EFBC}") = "NextDepartures.Standard", "NextDepartures.Standard\NextDepartures.Standard.csproj", "{AC376052-0B8F-D43A-2FAA-497360B9115D}"
EndProject
Project("{FAE04EC0-301F-11D3-BF4B-00C04F79EFBC}") = "NextDepartures.Storage.GTFS", "NextDepartures.Storage.GTFS\NextDepartures.Storage.GTFS.csproj", "{7E8E7638-FABE-9C41-7401-2FEB64E407D8}"
EndProject
Project("{FAE04EC0-301F-11D3-BF4B-00C04F79EFBC}") = "NextDepartures.Storage.MySql", "NextDepartures.Storage.MySql\NextDepartures.Storage.MySql.csproj", "{9CBA8E49-9017-07B7-B3FD-91798E63A3ED}"
EndProject
Project("{FAE04EC0-301F-11D3-BF4B-00C04F79EFBC}") = "NextDepartures.Storage.MySql.Aspire", "NextDepartures.Storage.MySql.Aspire\NextDepartures.Storage.MySql.Aspire.csproj", "{2CFC88B5-6C1C-7970-D31B-AA8975BB7114}"
EndProject
Project("{FAE04EC0-301F-11D3-BF4B-00C04F79EFBC}") = "NextDepartures.Storage.Postgres", "NextDepartures.Storage.Postgres\NextDepartures.Storage.Postgres.csproj", "{8AB15DAA-8185-D90E-E22B-C37499651649}"
EndProject
Project("{FAE04EC0-301F-11D3-BF4B-00C04F79EFBC}") = "NextDepartures.Storage.Postgres.Aspire", "NextDepartures.Storage.Postgres.Aspire\NextDepartures.Storage.Postgres.Aspire.csproj", "{385E728C-0633-F013-6385-066F7FB84BD0}"
EndProject
Project("{FAE04EC0-301F-11D3-BF4B-00C04F79EFBC}") = "NextDepartures.Storage.Sqlite", "NextDepartures.Storage.Sqlite\NextDepartures.Storage.Sqlite.csproj", "{EC8435B8-04DF-42FA-8B48-C20931D5FA6D}"
EndProject
Project("{FAE04EC0-301F-11D3-BF4B-00C04F79EFBC}") = "NextDepartures.Storage.SqlServer", "NextDepartures.Storage.SqlServer\NextDepartures.Storage.SqlServer.csproj", "{9AC87A77-7BB1-48A3-17B7-0B3A56F88A1F}"
EndProject
Project("{FAE04EC0-301F-11D3-BF4B-00C04F79EFBC}") = "NextDepartures.Storage.SqlServer.Aspire", "NextDepartures.Storage.SqlServer.Aspire\NextDepartures.Storage.SqlServer.Aspire.csproj", "{CFC26054-2A80-EB1A-46B2-CAFD77820B97}"
EndProject
Project("{FAE04EC0-301F-11D3-BF4B-00C04F79EFBC}") = "NextDepartures.Test", "NextDepartures.Test\NextDepartures.Test.csproj", "{4A087D71-E0F0-E30E-C4E0-12B8EE79B5C7}"
EndProject
Global
	GlobalSection(SolutionConfigurationPlatforms) = preSolution
		Debug|Any CPU = Debug|Any CPU
		Release|Any CPU = Release|Any CPU
	EndGlobalSection
	GlobalSection(ProjectConfigurationPlatforms) = postSolution
		{98CB3EBE-4AE2-6810-2099-9742F0059051}.Debug|Any CPU.ActiveCfg = Debug|Any CPU
		{98CB3EBE-4AE2-6810-2099-9742F0059051}.Debug|Any CPU.Build.0 = Debug|Any CPU
		{98CB3EBE-4AE2-6810-2099-9742F0059051}.Release|Any CPU.ActiveCfg = Release|Any CPU
		{98CB3EBE-4AE2-6810-2099-9742F0059051}.Release|Any CPU.Build.0 = Release|Any CPU
		{AC376052-0B8F-D43A-2FAA-497360B9115D}.Debug|Any CPU.ActiveCfg = Debug|Any CPU
		{AC376052-0B8F-D43A-2FAA-497360B9115D}.Debug|Any CPU.Build.0 = Debug|Any CPU
		{AC376052-0B8F-D43A-2FAA-497360B9115D}.Release|Any CPU.ActiveCfg = Release|Any CPU
		{AC376052-0B8F-D43A-2FAA-497360B9115D}.Release|Any CPU.Build.0 = Release|Any CPU
		{7E8E7638-FABE-9C41-7401-2FEB64E407D8}.Debug|Any CPU.ActiveCfg = Debug|Any CPU
		{7E8E7638-FABE-9C41-7401-2FEB64E407D8}.Debug|Any CPU.Build.0 = Debug|Any CPU
		{7E8E7638-FABE-9C41-7401-2FEB64E407D8}.Release|Any CPU.ActiveCfg = Release|Any CPU
		{7E8E7638-FABE-9C41-7401-2FEB64E407D8}.Release|Any CPU.Build.0 = Release|Any CPU
		{9CBA8E49-9017-07B7-B3FD-91798E63A3ED}.Debug|Any CPU.ActiveCfg = Debug|Any CPU
		{9CBA8E49-9017-07B7-B3FD-91798E63A3ED}.Debug|Any CPU.Build.0 = Debug|Any CPU
		{9CBA8E49-9017-07B7-B3FD-91798E63A3ED}.Release|Any CPU.ActiveCfg = Release|Any CPU
		{9CBA8E49-9017-07B7-B3FD-91798E63A3ED}.Release|Any CPU.Build.0 = Release|Any CPU
		{2CFC88B5-6C1C-7970-D31B-AA8975BB7114}.Debug|Any CPU.ActiveCfg = Debug|Any CPU
		{2CFC88B5-6C1C-7970-D31B-AA8975BB7114}.Debug|Any CPU.Build.0 = Debug|Any CPU
		{2CFC88B5-6C1C-7970-D31B-AA8975BB7114}.Release|Any CPU.ActiveCfg = Release|Any CPU
		{2CFC88B5-6C1C-7970-D31B-AA8975BB7114}.Release|Any CPU.Build.0 = Release|Any CPU
		{8AB15DAA-8185-D90E-E22B-C37499651649}.Debug|Any CPU.ActiveCfg = Debug|Any CPU
		{8AB15DAA-8185-D90E-E22B-C37499651649}.Debug|Any CPU.Build.0 = Debug|Any CPU
		{8AB15DAA-8185-D90E-E22B-C37499651649}.Release|Any CPU.ActiveCfg = Release|Any CPU
		{8AB15DAA-8185-D90E-E22B-C37499651649}.Release|Any CPU.Build.0 = Release|Any CPU
		{385E728C-0633-F013-6385-066F7FB84BD0}.Debug|Any CPU.ActiveCfg = Debug|Any CPU
		{385E728C-0633-F013-6385-066F7FB84BD0}.Debug|Any CPU.Build.0 = Debug|Any CPU
		{385E728C-0633-F013-6385-066F7FB84BD0}.Release|Any CPU.ActiveCfg = Release|Any CPU
		{385E728C-0633-F013-6385-066F7FB84BD0}.Release|Any CPU.Build.0 = Release|Any CPU
		{EC8435B8-04DF-42FA-8B48-C20931D5FA6D}.Debug|Any CPU.ActiveCfg = Debug|Any CPU
		{EC8435B8-04DF-42FA-8B48-C20931D5FA6D}.Debug|Any CPU.Build.0 = Debug|Any CPU
		{EC8435B8-04DF-42FA-8B48-C20931D5FA6D}.Release|Any CPU.ActiveCfg = Release|Any CPU
		{EC8435B8-04DF-42FA-8B48-C20931D5FA6D}.Release|Any CPU.Build.0 = Release|Any CPU
		{9AC87A77-7BB1-48A3-17B7-0B3A56F88A1F}.Debug|Any CPU.ActiveCfg = Debug|Any CPU
		{9AC87A77-7BB1-48A3-17B7-0B3A56F88A1F}.Debug|Any CPU.Build.0 = Debug|Any CPU
		{9AC87A77-7BB1-48A3-17B7-0B3A56F88A1F}.Release|Any CPU.ActiveCfg = Release|Any CPU
		{9AC87A77-7BB1-48A3-17B7-0B3A56F88A1F}.Release|Any CPU.Build.0 = Release|Any CPU
		{CFC26054-2A80-EB1A-46B2-CAFD77820B97}.Debug|Any CPU.ActiveCfg = Debug|Any CPU
		{CFC26054-2A80-EB1A-46B2-CAFD77820B97}.Debug|Any CPU.Build.0 = Debug|Any CPU
		{CFC26054-2A80-EB1A-46B2-CAFD77820B97}.Release|Any CPU.ActiveCfg = Release|Any CPU
		{CFC26054-2A80-EB1A-46B2-CAFD77820B97}.Release|Any CPU.Build.0 = Release|Any CPU
		{4A087D71-E0F0-E30E-C4E0-12B8EE79B5C7}.Debug|Any CPU.ActiveCfg = Debug|Any CPU
		{4A087D71-E0F0-E30E-C4E0-12B8EE79B5C7}.Debug|Any CPU.Build.0 = Debug|Any CPU
		{4A087D71-E0F0-E30E-C4E0-12B8EE79B5C7}.Release|Any CPU.ActiveCfg = Release|Any CPU
		{4A087D71-E0F0-E30E-C4E0-12B8EE79B5C7}.Release|Any CPU.Build.0 = Release|Any CPU
	EndGlobalSection
	GlobalSection(SolutionProperties) = preSolution
		HideSolutionNode = FALSE
	EndGlobalSection
	GlobalSection(ExtensibilityGlobals) = postSolution
		SolutionGuid = {0BA5D04A-407B-4035-AB5E-7DFCB790606A}
	EndGlobalSection
EndGlobal
